
Microsoft Visual Studio Solution File, Format Version 12.00
# Visual Studio Version 17
VisualStudioVersion = 17.12.35728.132 d17.12
MinimumVisualStudioVersion = 10.0.40219.1
Project("{FAE04EC0-301F-11D3-BF4B-00C04F79EFBC}") = "CaesarCipherBase64", "CaesarCipherBase64.csproj", "{D02AF997-6E1F-4434-AA5C-F13739580D0B}"
EndProject
Global
	GlobalSection(SolutionConfigurationPlatforms) = preSolution
		Debug|Any CPU = Debug|Any CPU
		Release|Any CPU = Release|Any CPU
	EndGlobalSection
	GlobalSection(ProjectConfigurationPlatforms) = postSolution
		{D02AF997-6E1F-4434-AA5C-F13739580D0B}.Debug|Any CPU.ActiveCfg = Debug|Any CPU
		{D02AF997-6E1F-4434-AA5C-F13739580D0B}.Debug|Any CPU.Build.0 = Debug|Any CPU
		{D02AF997-6E1F-4434-AA5C-F13739580D0B}.Release|Any CPU.ActiveCfg = Release|Any CPU
		{D02AF997-6E1F-4434-AA5C-F13739580D0B}.Release|Any CPU.Build.0 = Release|Any CPU
	EndGlobalSection
	GlobalSection(SolutionProperties) = preSolution
		HideSolutionNode = FALSE
	EndGlobalSection
EndGlobal
